// !$*UTF8*$!
{
	archiveVersion = 1;
	classes = {
	};
	objectVersion = 51;
	objects = {

/* Begin PBXBuildFile section */
		586203B2E31349DA28C1FEE4 /* Pods_Will_I_Burn.framework in Frameworks */ = {isa = PBXBuildFile; fileRef = 41ED139AF63F789DED691A65 /* Pods_Will_I_Burn.framework */; };
		5E2BFB3E26A57B6800E93276 /* BurnTimeManager.swift in Sources */ = {isa = PBXBuildFile; fileRef = 5E2BFB3D26A57B6800E93276 /* BurnTimeManager.swift */; };
		5E3632E527477D3D00444343 /* .swiftlint.yml in Resources */ = {isa = PBXBuildFile; fileRef = 5E3632E427477D3D00444343 /* .swiftlint.yml */; };
		5E40442727464BA000467D0A /* NotificationMananger.swift in Sources */ = {isa = PBXBuildFile; fileRef = 5E40442627464BA000467D0A /* NotificationMananger.swift */; };
		5E40442927465E1100467D0A /* UserNotificationMananger.swift in Sources */ = {isa = PBXBuildFile; fileRef = 5E40442827465E1100467D0A /* UserNotificationMananger.swift */; };
		5EDF61E326A176E00093AA53 /* AppDelegate.swift in Sources */ = {isa = PBXBuildFile; fileRef = 5EDF61E226A176E00093AA53 /* AppDelegate.swift */; };
		5EDF61E526A176E00093AA53 /* SceneDelegate.swift in Sources */ = {isa = PBXBuildFile; fileRef = 5EDF61E426A176E00093AA53 /* SceneDelegate.swift */; };
		5EDF61E726A176E00093AA53 /* MainViewController.swift in Sources */ = {isa = PBXBuildFile; fileRef = 5EDF61E626A176E00093AA53 /* MainViewController.swift */; };
		5EDF61EA26A176E00093AA53 /* Main.storyboard in Resources */ = {isa = PBXBuildFile; fileRef = 5EDF61E826A176E00093AA53 /* Main.storyboard */; };
		5EDF61EC26A176E20093AA53 /* Assets.xcassets in Resources */ = {isa = PBXBuildFile; fileRef = 5EDF61EB26A176E20093AA53 /* Assets.xcassets */; };
		5EDF61EF26A176E20093AA53 /* LaunchScreen.storyboard in Resources */ = {isa = PBXBuildFile; fileRef = 5EDF61ED26A176E20093AA53 /* LaunchScreen.storyboard */; };
		5EDF61F726A178890093AA53 /* SkinType.swift in Sources */ = {isa = PBXBuildFile; fileRef = 5EDF61F626A178890093AA53 /* SkinType.swift */; };
		5EEF20B72745450A00E2C7CA /* SkinTime.swift in Sources */ = {isa = PBXBuildFile; fileRef = 5EEF20B62745450A00E2C7CA /* SkinTime.swift */; };
		5EEF20B92745476000E2C7CA /* UserDefaultsManager.swift in Sources */ = {isa = PBXBuildFile; fileRef = 5EEF20B82745476000E2C7CA /* UserDefaultsManager.swift */; };
		5EEF20BB274553F000E2C7CA /* WeatherManager.swift in Sources */ = {isa = PBXBuildFile; fileRef = 5EEF20BA274553EF00E2C7CA /* WeatherManager.swift */; };
		5EEF20C127456B7600E2C7CA /* LocationManager.swift in Sources */ = {isa = PBXBuildFile; fileRef = 5EEF20C027456B7600E2C7CA /* LocationManager.swift */; };
/* End PBXBuildFile section */

/* Begin PBXFileReference section */
		03FBF9F885322988D7DEC15C /* Pods-Will I Burn.debug.xcconfig */ = {isa = PBXFileReference; includeInIndex = 1; lastKnownFileType = text.xcconfig; name = "Pods-Will I Burn.debug.xcconfig"; path = "Target Support Files/Pods-Will I Burn/Pods-Will I Burn.debug.xcconfig"; sourceTree = "<group>"; };
		41ED139AF63F789DED691A65 /* Pods_Will_I_Burn.framework */ = {isa = PBXFileReference; explicitFileType = wrapper.framework; includeInIndex = 0; path = Pods_Will_I_Burn.framework; sourceTree = BUILT_PRODUCTS_DIR; };
		5E2BFB3D26A57B6800E93276 /* BurnTimeManager.swift */ = {isa = PBXFileReference; lastKnownFileType = sourcecode.swift; path = BurnTimeManager.swift; sourceTree = "<group>"; };
		5E3632E427477D3D00444343 /* .swiftlint.yml */ = {isa = PBXFileReference; lastKnownFileType = text.yaml; path = .swiftlint.yml; sourceTree = "<group>"; };
		5E40442627464BA000467D0A /* NotificationMananger.swift */ = {isa = PBXFileReference; lastKnownFileType = sourcecode.swift; path = NotificationMananger.swift; sourceTree = "<group>"; };
		5E40442827465E1100467D0A /* UserNotificationMananger.swift */ = {isa = PBXFileReference; lastKnownFileType = sourcecode.swift; path = UserNotificationMananger.swift; sourceTree = "<group>"; };
		5EDF61DF26A176E00093AA53 /* Will I Burn.app */ = {isa = PBXFileReference; explicitFileType = wrapper.application; includeInIndex = 0; path = "Will I Burn.app"; sourceTree = BUILT_PRODUCTS_DIR; };
		5EDF61E226A176E00093AA53 /* AppDelegate.swift */ = {isa = PBXFileReference; lastKnownFileType = sourcecode.swift; path = AppDelegate.swift; sourceTree = "<group>"; };
		5EDF61E426A176E00093AA53 /* SceneDelegate.swift */ = {isa = PBXFileReference; lastKnownFileType = sourcecode.swift; path = SceneDelegate.swift; sourceTree = "<group>"; };
		5EDF61E626A176E00093AA53 /* MainViewController.swift */ = {isa = PBXFileReference; lastKnownFileType = sourcecode.swift; path = MainViewController.swift; sourceTree = "<group>"; };
		5EDF61E926A176E00093AA53 /* Base */ = {isa = PBXFileReference; lastKnownFileType = file.storyboard; name = Base; path = Base.lproj/Main.storyboard; sourceTree = "<group>"; };
		5EDF61EB26A176E20093AA53 /* Assets.xcassets */ = {isa = PBXFileReference; lastKnownFileType = folder.assetcatalog; path = Assets.xcassets; sourceTree = "<group>"; };
		5EDF61EE26A176E20093AA53 /* Base */ = {isa = PBXFileReference; lastKnownFileType = file.storyboard; name = Base; path = Base.lproj/LaunchScreen.storyboard; sourceTree = "<group>"; };
		5EDF61F026A176E20093AA53 /* Info.plist */ = {isa = PBXFileReference; lastKnownFileType = text.plist.xml; path = Info.plist; sourceTree = "<group>"; };
		5EDF61F626A178890093AA53 /* SkinType.swift */ = {isa = PBXFileReference; lastKnownFileType = sourcecode.swift; path = SkinType.swift; sourceTree = "<group>"; };
		5EEF20B62745450A00E2C7CA /* SkinTime.swift */ = {isa = PBXFileReference; lastKnownFileType = sourcecode.swift; path = SkinTime.swift; sourceTree = "<group>"; };
		5EEF20B82745476000E2C7CA /* UserDefaultsManager.swift */ = {isa = PBXFileReference; lastKnownFileType = sourcecode.swift; path = UserDefaultsManager.swift; sourceTree = "<group>"; };
		5EEF20BA274553EF00E2C7CA /* WeatherManager.swift */ = {isa = PBXFileReference; lastKnownFileType = sourcecode.swift; path = WeatherManager.swift; sourceTree = "<group>"; };
		5EEF20C027456B7600E2C7CA /* LocationManager.swift */ = {isa = PBXFileReference; lastKnownFileType = sourcecode.swift; path = LocationManager.swift; sourceTree = "<group>"; };
		FEDA54D69E0D3E3D684B9FAB /* Pods-Will I Burn.release.xcconfig */ = {isa = PBXFileReference; includeInIndex = 1; lastKnownFileType = text.xcconfig; name = "Pods-Will I Burn.release.xcconfig"; path = "Target Support Files/Pods-Will I Burn/Pods-Will I Burn.release.xcconfig"; sourceTree = "<group>"; };
/* End PBXFileReference section */

/* Begin PBXFrameworksBuildPhase section */
		5EDF61DC26A176E00093AA53 /* Frameworks */ = {
			isa = PBXFrameworksBuildPhase;
			buildActionMask = 2147483647;
			files = (
				586203B2E31349DA28C1FEE4 /* Pods_Will_I_Burn.framework in Frameworks */,
			);
			runOnlyForDeploymentPostprocessing = 0;
		};
/* End PBXFrameworksBuildPhase section */

/* Begin PBXGroup section */
		5E16BC1326AFF88F00808D86 /* Models */ = {
			isa = PBXGroup;
			children = (
				5EDF61F626A178890093AA53 /* SkinType.swift */,
				5EEF20B62745450A00E2C7CA /* SkinTime.swift */,
			);
			path = Models;
			sourceTree = "<group>";
		};
		5E16BC1426AFF8D700808D86 /* Storyboards */ = {
			isa = PBXGroup;
			children = (
				5EDF61E826A176E00093AA53 /* Main.storyboard */,
				5EDF61ED26A176E20093AA53 /* LaunchScreen.storyboard */,
			);
			path = Storyboards;
			sourceTree = "<group>";
		};
		5E16BC1526AFF8EC00808D86 /* Controllers */ = {
			isa = PBXGroup;
			children = (
				5EDF61E626A176E00093AA53 /* MainViewController.swift */,
			);
			path = Controllers;
			sourceTree = "<group>";
		};
		5EDF61D626A176E00093AA53 = {
			isa = PBXGroup;
			children = (
				5E3632E427477D3D00444343 /* .swiftlint.yml */,
				5EDF61E126A176E00093AA53 /* Will I Burn */,
				5EDF61E026A176E00093AA53 /* Products */,
				E3DA2FA0C28A6CE16388D8E1 /* Pods */,
				785D618C06FA4DCAE22F2943 /* Frameworks */,
			);
			sourceTree = "<group>";
		};
		5EDF61E026A176E00093AA53 /* Products */ = {
			isa = PBXGroup;
			children = (
				5EDF61DF26A176E00093AA53 /* Will I Burn.app */,
			);
			name = Products;
			sourceTree = "<group>";
		};
		5EDF61E126A176E00093AA53 /* Will I Burn */ = {
			isa = PBXGroup;
			children = (
				5EEF208E274533B800E2C7CA /* Sources */,
				5EEF208D274533B000E2C7CA /* Resources */,
			);
			path = "Will I Burn";
			sourceTree = "<group>";
		};
		5EEF208C274533A000E2C7CA /* Utilities */ = {
			isa = PBXGroup;
			children = (
				5E2BFB3D26A57B6800E93276 /* BurnTimeManager.swift */,
				5EEF20BA274553EF00E2C7CA /* WeatherManager.swift */,
				5EEF20C027456B7600E2C7CA /* LocationManager.swift */,
				5EEF20B82745476000E2C7CA /* UserDefaultsManager.swift */,
				5E40442627464BA000467D0A /* NotificationMananger.swift */,
				5E40442827465E1100467D0A /* UserNotificationMananger.swift */,
			);
			path = Utilities;
			sourceTree = "<group>";
		};
		5EEF208D274533B000E2C7CA /* Resources */ = {
			isa = PBXGroup;
			children = (
				5EDF61EB26A176E20093AA53 /* Assets.xcassets */,
				5EDF61F026A176E20093AA53 /* Info.plist */,
			);
			path = Resources;
			sourceTree = "<group>";
		};
		5EEF208E274533B800E2C7CA /* Sources */ = {
			isa = PBXGroup;
			children = (
				5E16BC1426AFF8D700808D86 /* Storyboards */,
				5E16BC1326AFF88F00808D86 /* Models */,
				5E16BC1526AFF8EC00808D86 /* Controllers */,
				5EEF208C274533A000E2C7CA /* Utilities */,
				5EEF20B527453DD400E2C7CA /* Systems */,
			);
			path = Sources;
			sourceTree = "<group>";
		};
		5EEF20B527453DD400E2C7CA /* Systems */ = {
			isa = PBXGroup;
			children = (
				5EDF61E426A176E00093AA53 /* SceneDelegate.swift */,
				5EDF61E226A176E00093AA53 /* AppDelegate.swift */,
			);
			path = Systems;
			sourceTree = "<group>";
		};
		785D618C06FA4DCAE22F2943 /* Frameworks */ = {
			isa = PBXGroup;
			children = (
				41ED139AF63F789DED691A65 /* Pods_Will_I_Burn.framework */,
			);
			name = Frameworks;
			sourceTree = "<group>";
		};
		E3DA2FA0C28A6CE16388D8E1 /* Pods */ = {
			isa = PBXGroup;
			children = (
				03FBF9F885322988D7DEC15C /* Pods-Will I Burn.debug.xcconfig */,
				FEDA54D69E0D3E3D684B9FAB /* Pods-Will I Burn.release.xcconfig */,
			);
			path = Pods;
			sourceTree = "<group>";
		};
/* End PBXGroup section */

/* Begin PBXNativeTarget section */
		5EDF61DE26A176E00093AA53 /* Will I Burn */ = {
			isa = PBXNativeTarget;
			buildConfigurationList = 5EDF61F326A176E20093AA53 /* Build configuration list for PBXNativeTarget "Will I Burn" */;
			buildPhases = (
				D711273B8D6212CC84047291 /* [CP] Check Pods Manifest.lock */,
				5EDF61DB26A176E00093AA53 /* Sources */,
				5EDF61DC26A176E00093AA53 /* Frameworks */,
				5EDF61DD26A176E00093AA53 /* Resources */,
				209A7555A40DDE3776076D4E /* [CP] Embed Pods Frameworks */,
				5E3632E127477C4A00444343 /* ShellScript */,
			);
			buildRules = (
			);
			dependencies = (
			);
			name = "Will I Burn";
			productName = "Will I Burn";
			productReference = 5EDF61DF26A176E00093AA53 /* Will I Burn.app */;
			productType = "com.apple.product-type.application";
		};
/* End PBXNativeTarget section */

/* Begin PBXProject section */
		5EDF61D726A176E00093AA53 /* Project object */ = {
			isa = PBXProject;
			attributes = {
				LastSwiftUpdateCheck = 1250;
				LastUpgradeCheck = 1250;
				TargetAttributes = {
					5EDF61DE26A176E00093AA53 = {
						CreatedOnToolsVersion = 12.5.1;
					};
				};
			};
			buildConfigurationList = 5EDF61DA26A176E00093AA53 /* Build configuration list for PBXProject "Will I Burn" */;
			compatibilityVersion = "Xcode 9.3";
			developmentRegion = en;
			hasScannedForEncodings = 0;
			knownRegions = (
				en,
				Base,
			);
			mainGroup = 5EDF61D626A176E00093AA53;
			productRefGroup = 5EDF61E026A176E00093AA53 /* Products */;
			projectDirPath = "";
			projectRoot = "";
			targets = (
				5EDF61DE26A176E00093AA53 /* Will I Burn */,
			);
		};
/* End PBXProject section */

/* Begin PBXResourcesBuildPhase section */
		5EDF61DD26A176E00093AA53 /* Resources */ = {
			isa = PBXResourcesBuildPhase;
			buildActionMask = 2147483647;
			files = (
				5E3632E527477D3D00444343 /* .swiftlint.yml in Resources */,
				5EDF61EF26A176E20093AA53 /* LaunchScreen.storyboard in Resources */,
				5EDF61EC26A176E20093AA53 /* Assets.xcassets in Resources */,
				5EDF61EA26A176E00093AA53 /* Main.storyboard in Resources */,
			);
			runOnlyForDeploymentPostprocessing = 0;
		};
/* End PBXResourcesBuildPhase section */

/* Begin PBXShellScriptBuildPhase section */
		209A7555A40DDE3776076D4E /* [CP] Embed Pods Frameworks */ = {
			isa = PBXShellScriptBuildPhase;
			buildActionMask = 2147483647;
			files = (
			);
			inputFileListPaths = (
				"${PODS_ROOT}/Target Support Files/Pods-Will I Burn/Pods-Will I Burn-frameworks-${CONFIGURATION}-input-files.xcfilelist",
			);
			name = "[CP] Embed Pods Frameworks";
			outputFileListPaths = (
				"${PODS_ROOT}/Target Support Files/Pods-Will I Burn/Pods-Will I Burn-frameworks-${CONFIGURATION}-output-files.xcfilelist",
			);
			runOnlyForDeploymentPostprocessing = 0;
			shellPath = /bin/sh;
			shellScript = "\"${PODS_ROOT}/Target Support Files/Pods-Will I Burn/Pods-Will I Burn-frameworks.sh\"\n";
			showEnvVarsInLog = 0;
		};
		5E3632E127477C4A00444343 /* ShellScript */ = {
			isa = PBXShellScriptBuildPhase;
			buildActionMask = 2147483647;
			files = (
			);
			inputFileListPaths = (
			);
			inputPaths = (
			);
			outputFileListPaths = (
			);
			outputPaths = (
			);
			runOnlyForDeploymentPostprocessing = 0;
			shellPath = /bin/sh;
			shellScript = "\"${PODS_ROOT}/SwiftLint/swiftlint\"\n";
		};
		D711273B8D6212CC84047291 /* [CP] Check Pods Manifest.lock */ = {
			isa = PBXShellScriptBuildPhase;
			buildActionMask = 2147483647;
			files = (
			);
			inputFileListPaths = (
			);
			inputPaths = (
				"${PODS_PODFILE_DIR_PATH}/Podfile.lock",
				"${PODS_ROOT}/Manifest.lock",
			);
			name = "[CP] Check Pods Manifest.lock";
			outputFileListPaths = (
			);
			outputPaths = (
				"$(DERIVED_FILE_DIR)/Pods-Will I Burn-checkManifestLockResult.txt",
			);
			runOnlyForDeploymentPostprocessing = 0;
			shellPath = /bin/sh;
			shellScript = "diff \"${PODS_PODFILE_DIR_PATH}/Podfile.lock\" \"${PODS_ROOT}/Manifest.lock\" > /dev/null\nif [ $? != 0 ] ; then\n    # print error to STDERR\n    echo \"error: The sandbox is not in sync with the Podfile.lock. Run 'pod install' or update your CocoaPods installation.\" >&2\n    exit 1\nfi\n# This output is used by Xcode 'outputs' to avoid re-running this script phase.\necho \"SUCCESS\" > \"${SCRIPT_OUTPUT_FILE_0}\"\n";
			showEnvVarsInLog = 0;
		};
/* End PBXShellScriptBuildPhase section */

/* Begin PBXSourcesBuildPhase section */
		5EDF61DB26A176E00093AA53 /* Sources */ = {
			isa = PBXSourcesBuildPhase;
			buildActionMask = 2147483647;
			files = (
				5EDF61F726A178890093AA53 /* SkinType.swift in Sources */,
				5EDF61E726A176E00093AA53 /* MainViewController.swift in Sources */,
				5EDF61E326A176E00093AA53 /* AppDelegate.swift in Sources */,
				5E40442727464BA000467D0A /* NotificationMananger.swift in Sources */,
				5EEF20B92745476000E2C7CA /* UserDefaultsManager.swift in Sources */,
				5E2BFB3E26A57B6800E93276 /* BurnTimeManager.swift in Sources */,
				5E40442927465E1100467D0A /* UserNotificationMananger.swift in Sources */,
				5EEF20BB274553F000E2C7CA /* WeatherManager.swift in Sources */,
				5EDF61E526A176E00093AA53 /* SceneDelegate.swift in Sources */,
				5EEF20B72745450A00E2C7CA /* SkinTime.swift in Sources */,
				5EEF20C127456B7600E2C7CA /* LocationManager.swift in Sources */,
			);
			runOnlyForDeploymentPostprocessing = 0;
		};
/* End PBXSourcesBuildPhase section */

/* Begin PBXVariantGroup section */
		5EDF61E826A176E00093AA53 /* Main.storyboard */ = {
			isa = PBXVariantGroup;
			children = (
				5EDF61E926A176E00093AA53 /* Base */,
			);
			name = Main.storyboard;
			sourceTree = "<group>";
		};
		5EDF61ED26A176E20093AA53 /* LaunchScreen.storyboard */ = {
			isa = PBXVariantGroup;
			children = (
				5EDF61EE26A176E20093AA53 /* Base */,
			);
			name = LaunchScreen.storyboard;
			sourceTree = "<group>";
		};
/* End PBXVariantGroup section */

/* Begin XCBuildConfiguration section */
		5EDF61F126A176E20093AA53 /* Debug */ = {
			isa = XCBuildConfiguration;
			buildSettings = {
				ALWAYS_SEARCH_USER_PATHS = NO;
				CLANG_ANALYZER_NONNULL = YES;
				CLANG_ANALYZER_NUMBER_OBJECT_CONVERSION = YES_AGGRESSIVE;
				CLANG_CXX_LANGUAGE_STANDARD = "gnu++14";
				CLANG_CXX_LIBRARY = "libc++";
				CLANG_ENABLE_MODULES = YES;
				CLANG_ENABLE_OBJC_ARC = YES;
				CLANG_ENABLE_OBJC_WEAK = YES;
				CLANG_WARN_BLOCK_CAPTURE_AUTORELEASING = YES;
				CLANG_WARN_BOOL_CONVERSION = YES;
				CLANG_WARN_COMMA = YES;
				CLANG_WARN_CONSTANT_CONVERSION = YES;
				CLANG_WARN_DEPRECATED_OBJC_IMPLEMENTATIONS = YES;
				CLANG_WARN_DIRECT_OBJC_ISA_USAGE = YES_ERROR;
				CLANG_WARN_DOCUMENTATION_COMMENTS = YES;
				CLANG_WARN_EMPTY_BODY = YES;
				CLANG_WARN_ENUM_CONVERSION = YES;
				CLANG_WARN_INFINITE_RECURSION = YES;
				CLANG_WARN_INT_CONVERSION = YES;
				CLANG_WARN_NON_LITERAL_NULL_CONVERSION = YES;
				CLANG_WARN_OBJC_IMPLICIT_RETAIN_SELF = YES;
				CLANG_WARN_OBJC_LITERAL_CONVERSION = YES;
				CLANG_WARN_OBJC_ROOT_CLASS = YES_ERROR;
				CLANG_WARN_QUOTED_INCLUDE_IN_FRAMEWORK_HEADER = YES;
				CLANG_WARN_RANGE_LOOP_ANALYSIS = YES;
				CLANG_WARN_STRICT_PROTOTYPES = YES;
				CLANG_WARN_SUSPICIOUS_MOVE = YES;
				CLANG_WARN_UNGUARDED_AVAILABILITY = YES_AGGRESSIVE;
				CLANG_WARN_UNREACHABLE_CODE = YES;
				CLANG_WARN__DUPLICATE_METHOD_MATCH = YES;
				COPY_PHASE_STRIP = NO;
				DEBUG_INFORMATION_FORMAT = dwarf;
				ENABLE_STRICT_OBJC_MSGSEND = YES;
				ENABLE_TESTABILITY = YES;
				GCC_C_LANGUAGE_STANDARD = gnu11;
				GCC_DYNAMIC_NO_PIC = NO;
				GCC_NO_COMMON_BLOCKS = YES;
				GCC_OPTIMIZATION_LEVEL = 0;
				GCC_PREPROCESSOR_DEFINITIONS = (
					"DEBUG=1",
					"$(inherited)",
				);
				GCC_WARN_64_TO_32_BIT_CONVERSION = YES;
				GCC_WARN_ABOUT_RETURN_TYPE = YES_ERROR;
				GCC_WARN_UNDECLARED_SELECTOR = YES;
				GCC_WARN_UNINITIALIZED_AUTOS = YES_AGGRESSIVE;
				GCC_WARN_UNUSED_FUNCTION = YES;
				GCC_WARN_UNUSED_VARIABLE = YES;
				IPHONEOS_DEPLOYMENT_TARGET = 14.5;
				MTL_ENABLE_DEBUG_INFO = INCLUDE_SOURCE;
				MTL_FAST_MATH = YES;
				ONLY_ACTIVE_ARCH = YES;
				SDKROOT = iphoneos;
				SWIFT_ACTIVE_COMPILATION_CONDITIONS = DEBUG;
				SWIFT_OPTIMIZATION_LEVEL = "-Onone";
			};
			name = Debug;
		};
		5EDF61F226A176E20093AA53 /* Release */ = {
			isa = XCBuildConfiguration;
			buildSettings = {
				ALWAYS_SEARCH_USER_PATHS = NO;
				CLANG_ANALYZER_NONNULL = YES;
				CLANG_ANALYZER_NUMBER_OBJECT_CONVERSION = YES_AGGRESSIVE;
				CLANG_CXX_LANGUAGE_STANDARD = "gnu++14";
				CLANG_CXX_LIBRARY = "libc++";
				CLANG_ENABLE_MODULES = YES;
				CLANG_ENABLE_OBJC_ARC = YES;
				CLANG_ENABLE_OBJC_WEAK = YES;
				CLANG_WARN_BLOCK_CAPTURE_AUTORELEASING = YES;
				CLANG_WARN_BOOL_CONVERSION = YES;
				CLANG_WARN_COMMA = YES;
				CLANG_WARN_CONSTANT_CONVERSION = YES;
				CLANG_WARN_DEPRECATED_OBJC_IMPLEMENTATIONS = YES;
				CLANG_WARN_DIRECT_OBJC_ISA_USAGE = YES_ERROR;
				CLANG_WARN_DOCUMENTATION_COMMENTS = YES;
				CLANG_WARN_EMPTY_BODY = YES;
				CLANG_WARN_ENUM_CONVERSION = YES;
				CLANG_WARN_INFINITE_RECURSION = YES;
				CLANG_WARN_INT_CONVERSION = YES;
				CLANG_WARN_NON_LITERAL_NULL_CONVERSION = YES;
				CLANG_WARN_OBJC_IMPLICIT_RETAIN_SELF = YES;
				CLANG_WARN_OBJC_LITERAL_CONVERSION = YES;
				CLANG_WARN_OBJC_ROOT_CLASS = YES_ERROR;
				CLANG_WARN_QUOTED_INCLUDE_IN_FRAMEWORK_HEADER = YES;
				CLANG_WARN_RANGE_LOOP_ANALYSIS = YES;
				CLANG_WARN_STRICT_PROTOTYPES = YES;
				CLANG_WARN_SUSPICIOUS_MOVE = YES;
				CLANG_WARN_UNGUARDED_AVAILABILITY = YES_AGGRESSIVE;
				CLANG_WARN_UNREACHABLE_CODE = YES;
				CLANG_WARN__DUPLICATE_METHOD_MATCH = YES;
				COPY_PHASE_STRIP = NO;
				DEBUG_INFORMATION_FORMAT = "dwarf-with-dsym";
				ENABLE_NS_ASSERTIONS = NO;
				ENABLE_STRICT_OBJC_MSGSEND = YES;
				GCC_C_LANGUAGE_STANDARD = gnu11;
				GCC_NO_COMMON_BLOCKS = YES;
				GCC_WARN_64_TO_32_BIT_CONVERSION = YES;
				GCC_WARN_ABOUT_RETURN_TYPE = YES_ERROR;
				GCC_WARN_UNDECLARED_SELECTOR = YES;
				GCC_WARN_UNINITIALIZED_AUTOS = YES_AGGRESSIVE;
				GCC_WARN_UNUSED_FUNCTION = YES;
				GCC_WARN_UNUSED_VARIABLE = YES;
				IPHONEOS_DEPLOYMENT_TARGET = 14.5;
				MTL_ENABLE_DEBUG_INFO = NO;
				MTL_FAST_MATH = YES;
				SDKROOT = iphoneos;
				SWIFT_COMPILATION_MODE = wholemodule;
				SWIFT_OPTIMIZATION_LEVEL = "-O";
				VALIDATE_PRODUCT = YES;
			};
			name = Release;
		};
		5EDF61F426A176E20093AA53 /* Debug */ = {
			isa = XCBuildConfiguration;
			baseConfigurationReference = 03FBF9F885322988D7DEC15C /* Pods-Will I Burn.debug.xcconfig */;
			buildSettings = {
				ASSETCATALOG_COMPILER_APPICON_NAME = AppIcon;
				ASSETCATALOG_COMPILER_GLOBAL_ACCENT_COLOR_NAME = AccentColor;
				CODE_SIGN_STYLE = Automatic;
				DEVELOPMENT_TEAM = T53Y7GLJ7K;
				INFOPLIST_FILE = "Will I Burn/Resources/Info.plist";
				LD_RUNPATH_SEARCH_PATHS = (
					"$(inherited)",
					"@executable_path/Frameworks",
				);
				PRODUCT_BUNDLE_IDENTIFIER = "leeesangheee.Will-I-Burn";
				PRODUCT_NAME = "$(TARGET_NAME)";
				SWIFT_VERSION = 5.0;
				TARGETED_DEVICE_FAMILY = "1,2";
			};
			name = Debug;
		};
		5EDF61F526A176E20093AA53 /* Release */ = {
			isa = XCBuildConfiguration;
			baseConfigurationReference = FEDA54D69E0D3E3D684B9FAB /* Pods-Will I Burn.release.xcconfig */;
			buildSettings = {
				ASSETCATALOG_COMPILER_APPICON_NAME = AppIcon;
				ASSETCATALOG_COMPILER_GLOBAL_ACCENT_COLOR_NAME = AccentColor;
				CODE_SIGN_STYLE = Automatic;
				DEVELOPMENT_TEAM = T53Y7GLJ7K;
				INFOPLIST_FILE = "Will I Burn/Resources/Info.plist";
				LD_RUNPATH_SEARCH_PATHS = (
					"$(inherited)",
					"@executable_path/Frameworks",
				);
				PRODUCT_BUNDLE_IDENTIFIER = "leeesangheee.Will-I-Burn";
				PRODUCT_NAME = "$(TARGET_NAME)";
				SWIFT_VERSION = 5.0;
				TARGETED_DEVICE_FAMILY = "1,2";
			};
			name = Release;
		};
/* End XCBuildConfiguration section */

/* Begin XCConfigurationList section */
		5EDF61DA26A176E00093AA53 /* Build configuration list for PBXProject "Will I Burn" */ = {
			isa = XCConfigurationList;
			buildConfigurations = (
				5EDF61F126A176E20093AA53 /* Debug */,
				5EDF61F226A176E20093AA53 /* Release */,
			);
			defaultConfigurationIsVisible = 0;
			defaultConfigurationName = Release;
		};
		5EDF61F326A176E20093AA53 /* Build configuration list for PBXNativeTarget "Will I Burn" */ = {
			isa = XCConfigurationList;
			buildConfigurations = (
				5EDF61F426A176E20093AA53 /* Debug */,
				5EDF61F526A176E20093AA53 /* Release */,
			);
			defaultConfigurationIsVisible = 0;
			defaultConfigurationName = Release;
		};
/* End XCConfigurationList section */
	};
	rootObject = 5EDF61D726A176E00093AA53 /* Project object */;
}
